// !$*UTF8*$!
{
	archiveVersion = 1;
	classes = {
	};
	objectVersion = 56;
	objects = {

/* Begin PBXBuildFile section */
		7926BA6E296BC4E100992042 /* AppDelegate.swift in Sources */ = {isa = PBXBuildFile; fileRef = 7926BA6D296BC4E100992042 /* AppDelegate.swift */; };
		7926BA70296BC4E100992042 /* SceneDelegate.swift in Sources */ = {isa = PBXBuildFile; fileRef = 7926BA6F296BC4E100992042 /* SceneDelegate.swift */; };
		7926BA72296BC4E100992042 /* SearchViewController.swift in Sources */ = {isa = PBXBuildFile; fileRef = 7926BA71296BC4E100992042 /* SearchViewController.swift */; };
		7926BA75296BC4E100992042 /* Main.storyboard in Resources */ = {isa = PBXBuildFile; fileRef = 7926BA73296BC4E100992042 /* Main.storyboard */; };
		7926BA77296BC4E300992042 /* Assets.xcassets in Resources */ = {isa = PBXBuildFile; fileRef = 7926BA76296BC4E300992042 /* Assets.xcassets */; };
		7926BA7A296BC4E300992042 /* LaunchScreen.storyboard in Resources */ = {isa = PBXBuildFile; fileRef = 7926BA78296BC4E300992042 /* LaunchScreen.storyboard */; };
		795951F5296FC96F0051D57C /* RecipeTableViewCell.swift in Sources */ = {isa = PBXBuildFile; fileRef = 795951F4296FC96F0051D57C /* RecipeTableViewCell.swift */; };
		7964B965297115B1008B9103 /* UIImageViewExtension.swift in Sources */ = {isa = PBXBuildFile; fileRef = 7964B964297115B1008B9103 /* UIImageViewExtension.swift */; };
		79DEBA1D296E183F00E0E2E1 /* TabBarController.swift in Sources */ = {isa = PBXBuildFile; fileRef = 79DEBA1C296E183F00E0E2E1 /* TabBarController.swift */; };
		79DEBA25296E91A300E0E2E1 /* recipes.json in Resources */ = {isa = PBXBuildFile; fileRef = 79DEBA24296E91A300E0E2E1 /* recipes.json */; };
		79DEBA27296E929B00E0E2E1 /* Recipes.swift in Sources */ = {isa = PBXBuildFile; fileRef = 79DEBA26296E929B00E0E2E1 /* Recipes.swift */; };
		79DEBA29296E93D100E0E2E1 /* TableViewController.swift in Sources */ = {isa = PBXBuildFile; fileRef = 79DEBA28296E93D100E0E2E1 /* TableViewController.swift */; };
/* End PBXBuildFile section */

/* Begin PBXFileReference section */
		7926BA6A296BC4E100992042 /* RecipePlease.app */ = {isa = PBXFileReference; explicitFileType = wrapper.application; includeInIndex = 0; path = RecipePlease.app; sourceTree = BUILT_PRODUCTS_DIR; };
		7926BA6D296BC4E100992042 /* AppDelegate.swift */ = {isa = PBXFileReference; lastKnownFileType = sourcecode.swift; path = AppDelegate.swift; sourceTree = "<group>"; };
		7926BA6F296BC4E100992042 /* SceneDelegate.swift */ = {isa = PBXFileReference; lastKnownFileType = sourcecode.swift; path = SceneDelegate.swift; sourceTree = "<group>"; };
		7926BA71296BC4E100992042 /* SearchViewController.swift */ = {isa = PBXFileReference; lastKnownFileType = sourcecode.swift; path = SearchViewController.swift; sourceTree = "<group>"; };
		7926BA74296BC4E100992042 /* Base */ = {isa = PBXFileReference; lastKnownFileType = file.storyboard; name = Base; path = Base.lproj/Main.storyboard; sourceTree = "<group>"; };
		7926BA76296BC4E300992042 /* Assets.xcassets */ = {isa = PBXFileReference; lastKnownFileType = folder.assetcatalog; path = Assets.xcassets; sourceTree = "<group>"; };
		7926BA79296BC4E300992042 /* Base */ = {isa = PBXFileReference; lastKnownFileType = file.storyboard; name = Base; path = Base.lproj/LaunchScreen.storyboard; sourceTree = "<group>"; };
		7926BA7B296BC4E300992042 /* Info.plist */ = {isa = PBXFileReference; lastKnownFileType = text.plist.xml; path = Info.plist; sourceTree = "<group>"; };
		795951F4296FC96F0051D57C /* RecipeTableViewCell.swift */ = {isa = PBXFileReference; lastKnownFileType = sourcecode.swift; path = RecipeTableViewCell.swift; sourceTree = "<group>"; };
		7964B964297115B1008B9103 /* UIImageViewExtension.swift */ = {isa = PBXFileReference; lastKnownFileType = sourcecode.swift; path = UIImageViewExtension.swift; sourceTree = "<group>"; };
		79DEBA1C296E183F00E0E2E1 /* TabBarController.swift */ = {isa = PBXFileReference; lastKnownFileType = sourcecode.swift; path = TabBarController.swift; sourceTree = "<group>"; };
		79DEBA24296E91A300E0E2E1 /* recipes.json */ = {isa = PBXFileReference; fileEncoding = 4; lastKnownFileType = text.json; path = recipes.json; sourceTree = "<group>"; };
		79DEBA26296E929B00E0E2E1 /* Recipes.swift */ = {isa = PBXFileReference; lastKnownFileType = sourcecode.swift; path = Recipes.swift; sourceTree = "<group>"; };
		79DEBA28296E93D100E0E2E1 /* TableViewController.swift */ = {isa = PBXFileReference; lastKnownFileType = sourcecode.swift; path = TableViewController.swift; sourceTree = "<group>"; };
/* End PBXFileReference section */

/* Begin PBXFrameworksBuildPhase section */
		7926BA67296BC4E100992042 /* Frameworks */ = {
			isa = PBXFrameworksBuildPhase;
			buildActionMask = 2147483647;
			files = (
			);
			runOnlyForDeploymentPostprocessing = 0;
		};
/* End PBXFrameworksBuildPhase section */

/* Begin PBXGroup section */
		7926BA61296BC4E100992042 = {
			isa = PBXGroup;
			children = (
				7926BA6C296BC4E100992042 /* RecipePlease */,
				7926BA6B296BC4E100992042 /* Products */,
			);
			sourceTree = "<group>";
		};
		7926BA6B296BC4E100992042 /* Products */ = {
			isa = PBXGroup;
			children = (
				7926BA6A296BC4E100992042 /* RecipePlease.app */,
			);
			name = Products;
			sourceTree = "<group>";
		};
		7926BA6C296BC4E100992042 /* RecipePlease */ = {
			isa = PBXGroup;
			children = (
				7926BA6D296BC4E100992042 /* AppDelegate.swift */,
				7926BA6F296BC4E100992042 /* SceneDelegate.swift */,
				7964B964297115B1008B9103 /* UIImageViewExtension.swift */,
				7926BA81296BC6F900992042 /* Model */,
				7926BA82296BC6FF00992042 /* View */,
				7926BA83296BC70600992042 /* Controller */,
				7926BA76296BC4E300992042 /* Assets.xcassets */,
				7926BA7B296BC4E300992042 /* Info.plist */,
			);
			path = RecipePlease;
			sourceTree = "<group>";
		};
		7926BA81296BC6F900992042 /* Model */ = {
			isa = PBXGroup;
			children = (
				79DEBA24296E91A300E0E2E1 /* recipes.json */,
				79DEBA26296E929B00E0E2E1 /* Recipes.swift */,
			);
			path = Model;
			sourceTree = "<group>";
		};
		7926BA82296BC6FF00992042 /* View */ = {
			isa = PBXGroup;
			children = (
				795951F4296FC96F0051D57C /* RecipeTableViewCell.swift */,
				7926BA78296BC4E300992042 /* LaunchScreen.storyboard */,
				7926BA73296BC4E100992042 /* Main.storyboard */,
			);
			path = View;
			sourceTree = "<group>";
		};
		7926BA83296BC70600992042 /* Controller */ = {
			isa = PBXGroup;
			children = (
				7926BA71296BC4E100992042 /* SearchViewController.swift */,
				79DEBA1C296E183F00E0E2E1 /* TabBarController.swift */,
				79DEBA28296E93D100E0E2E1 /* TableViewController.swift */,
			);
			path = Controller;
			sourceTree = "<group>";
		};
/* End PBXGroup section */

/* Begin PBXNativeTarget section */
		7926BA69296BC4E100992042 /* RecipePlease */ = {
			isa = PBXNativeTarget;
			buildConfigurationList = 7926BA7E296BC4E300992042 /* Build configuration list for PBXNativeTarget "RecipePlease" */;
			buildPhases = (
				7926BA66296BC4E100992042 /* Sources */,
				7926BA67296BC4E100992042 /* Frameworks */,
				7926BA68296BC4E100992042 /* Resources */,
			);
			buildRules = (
			);
			dependencies = (
			);
			name = RecipePlease;
			productName = RecipePlease;
			productReference = 7926BA6A296BC4E100992042 /* RecipePlease.app */;
			productType = "com.apple.product-type.application";
		};
/* End PBXNativeTarget section */

/* Begin PBXProject section */
		7926BA62296BC4E100992042 /* Project object */ = {
			isa = PBXProject;
			attributes = {
				BuildIndependentTargetsInParallel = 1;
				LastSwiftUpdateCheck = 1410;
				LastUpgradeCheck = 1410;
				TargetAttributes = {
					7926BA69296BC4E100992042 = {
						CreatedOnToolsVersion = 14.1;
					};
				};
			};
			buildConfigurationList = 7926BA65296BC4E100992042 /* Build configuration list for PBXProject "RecipePlease" */;
			compatibilityVersion = "Xcode 14.0";
			developmentRegion = en;
			hasScannedForEncodings = 0;
			knownRegions = (
				en,
				Base,
			);
			mainGroup = 7926BA61296BC4E100992042;
			productRefGroup = 7926BA6B296BC4E100992042 /* Products */;
			projectDirPath = "";
			projectRoot = "";
			targets = (
				7926BA69296BC4E100992042 /* RecipePlease */,
			);
		};
/* End PBXProject section */

/* Begin PBXResourcesBuildPhase section */
		7926BA68296BC4E100992042 /* Resources */ = {
			isa = PBXResourcesBuildPhase;
			buildActionMask = 2147483647;
			files = (
				7926BA7A296BC4E300992042 /* LaunchScreen.storyboard in Resources */,
				79DEBA25296E91A300E0E2E1 /* recipes.json in Resources */,
				7926BA77296BC4E300992042 /* Assets.xcassets in Resources */,
				7926BA75296BC4E100992042 /* Main.storyboard in Resources */,
			);
			runOnlyForDeploymentPostprocessing = 0;
		};
/* End PBXResourcesBuildPhase section */

/* Begin PBXSourcesBuildPhase section */
		7926BA66296BC4E100992042 /* Sources */ = {
			isa = PBXSourcesBuildPhase;
			buildActionMask = 2147483647;
			files = (
				79DEBA27296E929B00E0E2E1 /* Recipes.swift in Sources */,
				79DEBA29296E93D100E0E2E1 /* TableViewController.swift in Sources */,
				7926BA72296BC4E100992042 /* SearchViewController.swift in Sources */,
				795951F5296FC96F0051D57C /* RecipeTableViewCell.swift in Sources */,
				79DEBA1D296E183F00E0E2E1 /* TabBarController.swift in Sources */,
				7926BA6E296BC4E100992042 /* AppDelegate.swift in Sources */,
				7926BA70296BC4E100992042 /* SceneDelegate.swift in Sources */,
				7964B965297115B1008B9103 /* UIImageViewExtension.swift in Sources */,
			);
			runOnlyForDeploymentPostprocessing = 0;
		};
/* End PBXSourcesBuildPhase section */

/* Begin PBXVariantGroup section */
		7926BA73296BC4E100992042 /* Main.storyboard */ = {
			isa = PBXVariantGroup;
			children = (
				7926BA74296BC4E100992042 /* Base */,
			);
			name = Main.storyboard;
			sourceTree = "<group>";
		};
		7926BA78296BC4E300992042 /* LaunchScreen.storyboard */ = {
			isa = PBXVariantGroup;
			children = (
				7926BA79296BC4E300992042 /* Base */,
			);
			name = LaunchScreen.storyboard;
			sourceTree = "<group>";
		};
/* End PBXVariantGroup section */

/* Begin XCBuildConfiguration section */
		7926BA7C296BC4E300992042 /* Debug */ = {
			isa = XCBuildConfiguration;
			buildSettings = {
				ALWAYS_SEARCH_USER_PATHS = NO;
				CLANG_ANALYZER_NONNULL = YES;
				CLANG_ANALYZER_NUMBER_OBJECT_CONVERSION = YES_AGGRESSIVE;
				CLANG_CXX_LANGUAGE_STANDARD = "gnu++20";
				CLANG_ENABLE_MODULES = YES;
				CLANG_ENABLE_OBJC_ARC = YES;
				CLANG_ENABLE_OBJC_WEAK = YES;
				CLANG_WARN_BLOCK_CAPTURE_AUTORELEASING = YES;
				CLANG_WARN_BOOL_CONVERSION = YES;
				CLANG_WARN_COMMA = YES;
				CLANG_WARN_CONSTANT_CONVERSION = YES;
				CLANG_WARN_DEPRECATED_OBJC_IMPLEMENTATIONS = YES;
				CLANG_WARN_DIRECT_OBJC_ISA_USAGE = YES_ERROR;
				CLANG_WARN_DOCUMENTATION_COMMENTS = YES;
				CLANG_WARN_EMPTY_BODY = YES;
				CLANG_WARN_ENUM_CONVERSION = YES;
				CLANG_WARN_INFINITE_RECURSION = YES;
				CLANG_WARN_INT_CONVERSION = YES;
				CLANG_WARN_NON_LITERAL_NULL_CONVERSION = YES;
				CLANG_WARN_OBJC_IMPLICIT_RETAIN_SELF = YES;
				CLANG_WARN_OBJC_LITERAL_CONVERSION = YES;
				CLANG_WARN_OBJC_ROOT_CLASS = YES_ERROR;
				CLANG_WARN_QUOTED_INCLUDE_IN_FRAMEWORK_HEADER = YES;
				CLANG_WARN_RANGE_LOOP_ANALYSIS = YES;
				CLANG_WARN_STRICT_PROTOTYPES = YES;
				CLANG_WARN_SUSPICIOUS_MOVE = YES;
				CLANG_WARN_UNGUARDED_AVAILABILITY = YES_AGGRESSIVE;
				CLANG_WARN_UNREACHABLE_CODE = YES;
				CLANG_WARN__DUPLICATE_METHOD_MATCH = YES;
				COPY_PHASE_STRIP = NO;
				DEBUG_INFORMATION_FORMAT = dwarf;
				ENABLE_STRICT_OBJC_MSGSEND = YES;
				ENABLE_TESTABILITY = YES;
				GCC_C_LANGUAGE_STANDARD = gnu11;
				GCC_DYNAMIC_NO_PIC = NO;
				GCC_NO_COMMON_BLOCKS = YES;
				GCC_OPTIMIZATION_LEVEL = 0;
				GCC_PREPROCESSOR_DEFINITIONS = (
					"DEBUG=1",
					"$(inherited)",
				);
				GCC_WARN_64_TO_32_BIT_CONVERSION = YES;
				GCC_WARN_ABOUT_RETURN_TYPE = YES_ERROR;
				GCC_WARN_UNDECLARED_SELECTOR = YES;
				GCC_WARN_UNINITIALIZED_AUTOS = YES_AGGRESSIVE;
				GCC_WARN_UNUSED_FUNCTION = YES;
				GCC_WARN_UNUSED_VARIABLE = YES;
				IPHONEOS_DEPLOYMENT_TARGET = 16.1;
				MTL_ENABLE_DEBUG_INFO = INCLUDE_SOURCE;
				MTL_FAST_MATH = YES;
				ONLY_ACTIVE_ARCH = YES;
				SDKROOT = iphoneos;
				SWIFT_ACTIVE_COMPILATION_CONDITIONS = DEBUG;
				SWIFT_OPTIMIZATION_LEVEL = "-Onone";
			};
			name = Debug;
		};
		7926BA7D296BC4E300992042 /* Release */ = {
			isa = XCBuildConfiguration;
			buildSettings = {
				ALWAYS_SEARCH_USER_PATHS = NO;
				CLANG_ANALYZER_NONNULL = YES;
				CLANG_ANALYZER_NUMBER_OBJECT_CONVERSION = YES_AGGRESSIVE;
				CLANG_CXX_LANGUAGE_STANDARD = "gnu++20";
				CLANG_ENABLE_MODULES = YES;
				CLANG_ENABLE_OBJC_ARC = YES;
				CLANG_ENABLE_OBJC_WEAK = YES;
				CLANG_WARN_BLOCK_CAPTURE_AUTORELEASING = YES;
				CLANG_WARN_BOOL_CONVERSION = YES;
				CLANG_WARN_COMMA = YES;
				CLANG_WARN_CONSTANT_CONVERSION = YES;
				CLANG_WARN_DEPRECATED_OBJC_IMPLEMENTATIONS = YES;
				CLANG_WARN_DIRECT_OBJC_ISA_USAGE = YES_ERROR;
				CLANG_WARN_DOCUMENTATION_COMMENTS = YES;
				CLANG_WARN_EMPTY_BODY = YES;
				CLANG_WARN_ENUM_CONVERSION = YES;
				CLANG_WARN_INFINITE_RECURSION = YES;
				CLANG_WARN_INT_CONVERSION = YES;
				CLANG_WARN_NON_LITERAL_NULL_CONVERSION = YES;
				CLANG_WARN_OBJC_IMPLICIT_RETAIN_SELF = YES;
				CLANG_WARN_OBJC_LITERAL_CONVERSION = YES;
				CLANG_WARN_OBJC_ROOT_CLASS = YES_ERROR;
				CLANG_WARN_QUOTED_INCLUDE_IN_FRAMEWORK_HEADER = YES;
				CLANG_WARN_RANGE_LOOP_ANALYSIS = YES;
				CLANG_WARN_STRICT_PROTOTYPES = YES;
				CLANG_WARN_SUSPICIOUS_MOVE = YES;
				CLANG_WARN_UNGUARDED_AVAILABILITY = YES_AGGRESSIVE;
				CLANG_WARN_UNREACHABLE_CODE = YES;
				CLANG_WARN__DUPLICATE_METHOD_MATCH = YES;
				COPY_PHASE_STRIP = NO;
				DEBUG_INFORMATION_FORMAT = "dwarf-with-dsym";
				ENABLE_NS_ASSERTIONS = NO;
				ENABLE_STRICT_OBJC_MSGSEND = YES;
				GCC_C_LANGUAGE_STANDARD = gnu11;
				GCC_NO_COMMON_BLOCKS = YES;
				GCC_WARN_64_TO_32_BIT_CONVERSION = YES;
				GCC_WARN_ABOUT_RETURN_TYPE = YES_ERROR;
				GCC_WARN_UNDECLARED_SELECTOR = YES;
				GCC_WARN_UNINITIALIZED_AUTOS = YES_AGGRESSIVE;
				GCC_WARN_UNUSED_FUNCTION = YES;
				GCC_WARN_UNUSED_VARIABLE = YES;
				IPHONEOS_DEPLOYMENT_TARGET = 16.1;
				MTL_ENABLE_DEBUG_INFO = NO;
				MTL_FAST_MATH = YES;
				SDKROOT = iphoneos;
				SWIFT_COMPILATION_MODE = wholemodule;
				SWIFT_OPTIMIZATION_LEVEL = "-O";
				VALIDATE_PRODUCT = YES;
			};
			name = Release;
		};
		7926BA7F296BC4E300992042 /* Debug */ = {
			isa = XCBuildConfiguration;
			buildSettings = {
				ASSETCATALOG_COMPILER_APPICON_NAME = AppIcon;
				ASSETCATALOG_COMPILER_GLOBAL_ACCENT_COLOR_NAME = AccentColor;
				CODE_SIGN_STYLE = Automatic;
				CURRENT_PROJECT_VERSION = 1;
				DEVELOPMENT_TEAM = 7CPSWJN2YR;
				GENERATE_INFOPLIST_FILE = YES;
				INFOPLIST_FILE = RecipePlease/Info.plist;
				INFOPLIST_KEY_UIApplicationSupportsIndirectInputEvents = YES;
				INFOPLIST_KEY_UILaunchStoryboardName = LaunchScreen;
				INFOPLIST_KEY_UIMainStoryboardFile = Main;
				INFOPLIST_KEY_UISupportedInterfaceOrientations_iPad = "UIInterfaceOrientationPortrait UIInterfaceOrientationPortraitUpsideDown UIInterfaceOrientationLandscapeLeft UIInterfaceOrientationLandscapeRight";
				INFOPLIST_KEY_UISupportedInterfaceOrientations_iPhone = "UIInterfaceOrientationPortrait UIInterfaceOrientationLandscapeLeft UIInterfaceOrientationLandscapeRight";
				LD_RUNPATH_SEARCH_PATHS = (
					"$(inherited)",
					"@executable_path/Frameworks",
				);
				MARKETING_VERSION = 1.0;
				PRODUCT_BUNDLE_IDENTIFIER = fr.gridaineflore.RecipePlease;
				PRODUCT_NAME = "$(TARGET_NAME)";
				SWIFT_EMIT_LOC_STRINGS = YES;
				SWIFT_VERSION = 5.0;
				TARGETED_DEVICE_FAMILY = "1,2";
			};
			name = Debug;
		};
		7926BA80296BC4E300992042 /* Release */ = {
			isa = XCBuildConfiguration;
			buildSettings = {
				ASSETCATALOG_COMPILER_APPICON_NAME = AppIcon;
				ASSETCATALOG_COMPILER_GLOBAL_ACCENT_COLOR_NAME = AccentColor;
				CODE_SIGN_STYLE = Automatic;
				CURRENT_PROJECT_VERSION = 1;
				DEVELOPMENT_TEAM = 7CPSWJN2YR;
				GENERATE_INFOPLIST_FILE = YES;
				INFOPLIST_FILE = RecipePlease/Info.plist;
				INFOPLIST_KEY_UIApplicationSupportsIndirectInputEvents = YES;
				INFOPLIST_KEY_UILaunchStoryboardName = LaunchScreen;
				INFOPLIST_KEY_UIMainStoryboardFile = Main;
				INFOPLIST_KEY_UISupportedInterfaceOrientations_iPad = "UIInterfaceOrientationPortrait UIInterfaceOrientationPortraitUpsideDown UIInterfaceOrientationLandscapeLeft UIInterfaceOrientationLandscapeRight";
				INFOPLIST_KEY_UISupportedInterfaceOrientations_iPhone = "UIInterfaceOrientationPortrait UIInterfaceOrientationLandscapeLeft UIInterfaceOrientationLandscapeRight";
				LD_RUNPATH_SEARCH_PATHS = (
					"$(inherited)",
					"@executable_path/Frameworks",
				);
				MARKETING_VERSION = 1.0;
				PRODUCT_BUNDLE_IDENTIFIER = fr.gridaineflore.RecipePlease;
				PRODUCT_NAME = "$(TARGET_NAME)";
				SWIFT_EMIT_LOC_STRINGS = YES;
				SWIFT_VERSION = 5.0;
				TARGETED_DEVICE_FAMILY = "1,2";
			};
			name = Release;
		};
/* End XCBuildConfiguration section */

/* Begin XCConfigurationList section */
		7926BA65296BC4E100992042 /* Build configuration list for PBXProject "RecipePlease" */ = {
			isa = XCConfigurationList;
			buildConfigurations = (
				7926BA7C296BC4E300992042 /* Debug */,
				7926BA7D296BC4E300992042 /* Release */,
			);
			defaultConfigurationIsVisible = 0;
			defaultConfigurationName = Release;
		};
		7926BA7E296BC4E300992042 /* Build configuration list for PBXNativeTarget "RecipePlease" */ = {
			isa = XCConfigurationList;
			buildConfigurations = (
				7926BA7F296BC4E300992042 /* Debug */,
				7926BA80296BC4E300992042 /* Release */,
			);
			defaultConfigurationIsVisible = 0;
			defaultConfigurationName = Release;
		};
/* End XCConfigurationList section */
	};
	rootObject = 7926BA62296BC4E100992042 /* Project object */;
}
